
Microsoft Visual Studio Solution File, Format Version 12.00
# Visual Studio Version 16
VisualStudioVersion = 16.0.29201.188
MinimumVisualStudioVersion = 10.0.40219.1
Project("{FAE04EC0-301F-11D3-BF4B-00C04F79EFBC}") = "SFW", "SFW\SFW.csproj", "{B811FB61-A49E-43DA-AE08-78D70D04061D}"
EndProject
Project("{FAE04EC0-301F-11D3-BF4B-00C04F79EFBC}") = "SFW.Model", "SFW.Model\SFW.Model.csproj", "{68A56A1D-33E8-44F4-8BA5-CA6F36F52BF9}"
EndProject
Project("{FAE04EC0-301F-11D3-BF4B-00C04F79EFBC}") = "M2kClient", "M2k\M2kClient.csproj", "{5DBE7A03-346D-4A21-86B8-F11D737E93F3}"
EndProject
Project("{FAE04EC0-301F-11D3-BF4B-00C04F79EFBC}") = "SFW.Helpers", "SFW.Helpers\SFW.Helpers.csproj", "{6F663E0A-CD5E-40A9-B67E-7564627915F6}"
EndProject
Project("{FAE04EC0-301F-11D3-BF4B-00C04F79EFBC}") = "SFW.Deviation", "SFW.Deviation\SFW.Deviation.csproj", "{4816927A-EA7D-4AA8-BE3A-28027FB84641}"
EndProject
Global
	GlobalSection(SolutionConfigurationPlatforms) = preSolution
		Debug|Any CPU = Debug|Any CPU
		Release|Any CPU = Release|Any CPU
	EndGlobalSection
	GlobalSection(ProjectConfigurationPlatforms) = postSolution
		{B811FB61-A49E-43DA-AE08-78D70D04061D}.Debug|Any CPU.ActiveCfg = Debug|Any CPU
		{B811FB61-A49E-43DA-AE08-78D70D04061D}.Debug|Any CPU.Build.0 = Debug|Any CPU
		{B811FB61-A49E-43DA-AE08-78D70D04061D}.Release|Any CPU.ActiveCfg = Release|Any CPU
		{B811FB61-A49E-43DA-AE08-78D70D04061D}.Release|Any CPU.Build.0 = Release|Any CPU
		{68A56A1D-33E8-44F4-8BA5-CA6F36F52BF9}.Debug|Any CPU.ActiveCfg = Debug|Any CPU
		{68A56A1D-33E8-44F4-8BA5-CA6F36F52BF9}.Debug|Any CPU.Build.0 = Debug|Any CPU
		{68A56A1D-33E8-44F4-8BA5-CA6F36F52BF9}.Release|Any CPU.ActiveCfg = Release|Any CPU
		{68A56A1D-33E8-44F4-8BA5-CA6F36F52BF9}.Release|Any CPU.Build.0 = Release|Any CPU
		{5DBE7A03-346D-4A21-86B8-F11D737E93F3}.Debug|Any CPU.ActiveCfg = Debug|Any CPU
		{5DBE7A03-346D-4A21-86B8-F11D737E93F3}.Debug|Any CPU.Build.0 = Debug|Any CPU
		{5DBE7A03-346D-4A21-86B8-F11D737E93F3}.Release|Any CPU.ActiveCfg = Release|Any CPU
		{5DBE7A03-346D-4A21-86B8-F11D737E93F3}.Release|Any CPU.Build.0 = Release|Any CPU
		{6F663E0A-CD5E-40A9-B67E-7564627915F6}.Debug|Any CPU.ActiveCfg = Debug|Any CPU
		{6F663E0A-CD5E-40A9-B67E-7564627915F6}.Debug|Any CPU.Build.0 = Debug|Any CPU
		{6F663E0A-CD5E-40A9-B67E-7564627915F6}.Release|Any CPU.ActiveCfg = Release|Any CPU
		{6F663E0A-CD5E-40A9-B67E-7564627915F6}.Release|Any CPU.Build.0 = Release|Any CPU
		{4816927A-EA7D-4AA8-BE3A-28027FB84641}.Debug|Any CPU.ActiveCfg = Debug|Any CPU
		{4816927A-EA7D-4AA8-BE3A-28027FB84641}.Debug|Any CPU.Build.0 = Debug|Any CPU
		{4816927A-EA7D-4AA8-BE3A-28027FB84641}.Release|Any CPU.ActiveCfg = Release|Any CPU
		{4816927A-EA7D-4AA8-BE3A-28027FB84641}.Release|Any CPU.Build.0 = Release|Any CPU
	EndGlobalSection
	GlobalSection(SolutionProperties) = preSolution
		HideSolutionNode = FALSE
	EndGlobalSection
	GlobalSection(ExtensibilityGlobals) = postSolution
		SolutionGuid = {64EEAEC1-B42C-427F-858E-40E0BEEAA5A1}
	EndGlobalSection
EndGlobal
